// !$*UTF8*$!
{
	archiveVersion = 1;
	classes = {
	};
	objectVersion = 48;
	objects = {

/* Begin PBXBuildFile section */
		47DD3B1C1F7B69AE001020C1 /* AppDelegate.swift in Sources */ = {isa = PBXBuildFile; fileRef = 47DD3B1B1F7B69AE001020C1 /* AppDelegate.swift */; };
		47DD3B1E1F7B69AE001020C1 /* ViewController.swift in Sources */ = {isa = PBXBuildFile; fileRef = 47DD3B1D1F7B69AE001020C1 /* ViewController.swift */; };
		47DD3B201F7B69AE001020C1 /* Assets.xcassets in Resources */ = {isa = PBXBuildFile; fileRef = 47DD3B1F1F7B69AE001020C1 /* Assets.xcassets */; };
		47DD3B231F7B69AE001020C1 /* Main.storyboard in Resources */ = {isa = PBXBuildFile; fileRef = 47DD3B211F7B69AE001020C1 /* Main.storyboard */; };
		47DD3B2F1F7B69AE001020C1 /* DriveSyncTests.swift in Sources */ = {isa = PBXBuildFile; fileRef = 47DD3B2E1F7B69AE001020C1 /* DriveSyncTests.swift */; };
/* End PBXBuildFile section */

/* Begin PBXContainerItemProxy section */
		47DD3B2B1F7B69AE001020C1 /* PBXContainerItemProxy */ = {
			isa = PBXContainerItemProxy;
			containerPortal = 47DD3B101F7B69AE001020C1 /* Project object */;
			proxyType = 1;
			remoteGlobalIDString = 47DD3B171F7B69AE001020C1;
			remoteInfo = DriveSync;
		};
/* End PBXContainerItemProxy section */

/* Begin PBXFileReference section */
		47DD3B181F7B69AE001020C1 /* DriveSync.app */ = {isa = PBXFileReference; explicitFileType = wrapper.application; includeInIndex = 0; path = DriveSync.app; sourceTree = BUILT_PRODUCTS_DIR; };
		47DD3B1B1F7B69AE001020C1 /* AppDelegate.swift */ = {isa = PBXFileReference; lastKnownFileType = sourcecode.swift; path = AppDelegate.swift; sourceTree = "<group>"; };
		47DD3B1D1F7B69AE001020C1 /* ViewController.swift */ = {isa = PBXFileReference; lastKnownFileType = sourcecode.swift; path = ViewController.swift; sourceTree = "<group>"; };
		47DD3B1F1F7B69AE001020C1 /* Assets.xcassets */ = {isa = PBXFileReference; lastKnownFileType = folder.assetcatalog; path = Assets.xcassets; sourceTree = "<group>"; };
		47DD3B221F7B69AE001020C1 /* Base */ = {isa = PBXFileReference; lastKnownFileType = file.storyboard; name = Base; path = Base.lproj/Main.storyboard; sourceTree = "<group>"; };
		47DD3B241F7B69AE001020C1 /* Info.plist */ = {isa = PBXFileReference; lastKnownFileType = text.plist.xml; path = Info.plist; sourceTree = "<group>"; };
		47DD3B251F7B69AE001020C1 /* DriveSync.entitlements */ = {isa = PBXFileReference; lastKnownFileType = text.plist.entitlements; path = DriveSync.entitlements; sourceTree = "<group>"; };
		47DD3B2A1F7B69AE001020C1 /* DriveSyncTests.xctest */ = {isa = PBXFileReference; explicitFileType = wrapper.cfbundle; includeInIndex = 0; path = DriveSyncTests.xctest; sourceTree = BUILT_PRODUCTS_DIR; };
		47DD3B2E1F7B69AE001020C1 /* DriveSyncTests.swift */ = {isa = PBXFileReference; lastKnownFileType = sourcecode.swift; path = DriveSyncTests.swift; sourceTree = "<group>"; };
		47DD3B301F7B69AE001020C1 /* Info.plist */ = {isa = PBXFileReference; lastKnownFileType = text.plist.xml; path = Info.plist; sourceTree = "<group>"; };
/* End PBXFileReference section */

/* Begin PBXFrameworksBuildPhase section */
		47DD3B151F7B69AE001020C1 /* Frameworks */ = {
			isa = PBXFrameworksBuildPhase;
			buildActionMask = 2147483647;
			files = (
			);
			runOnlyForDeploymentPostprocessing = 0;
		};
		47DD3B271F7B69AE001020C1 /* Frameworks */ = {
			isa = PBXFrameworksBuildPhase;
			buildActionMask = 2147483647;
			files = (
			);
			runOnlyForDeploymentPostprocessing = 0;
		};
/* End PBXFrameworksBuildPhase section */

/* Begin PBXGroup section */
		47DD3B0F1F7B69AE001020C1 = {
			isa = PBXGroup;
			children = (
				47DD3B1A1F7B69AE001020C1 /* DriveSync */,
				47DD3B2D1F7B69AE001020C1 /* DriveSyncTests */,
				47DD3B191F7B69AE001020C1 /* Products */,
			);
			sourceTree = "<group>";
		};
		47DD3B191F7B69AE001020C1 /* Products */ = {
			isa = PBXGroup;
			children = (
				47DD3B181F7B69AE001020C1 /* DriveSync.app */,
				47DD3B2A1F7B69AE001020C1 /* DriveSyncTests.xctest */,
			);
			name = Products;
			sourceTree = "<group>";
		};
		47DD3B1A1F7B69AE001020C1 /* DriveSync */ = {
			isa = PBXGroup;
			children = (
				47DD3B1B1F7B69AE001020C1 /* AppDelegate.swift */,
				47DD3B1D1F7B69AE001020C1 /* ViewController.swift */,
				47DD3B1F1F7B69AE001020C1 /* Assets.xcassets */,
				47DD3B211F7B69AE001020C1 /* Main.storyboard */,
				47DD3B241F7B69AE001020C1 /* Info.plist */,
				47DD3B251F7B69AE001020C1 /* DriveSync.entitlements */,
			);
			path = DriveSync;
			sourceTree = "<group>";
		};
		47DD3B2D1F7B69AE001020C1 /* DriveSyncTests */ = {
			isa = PBXGroup;
			children = (
				47DD3B2E1F7B69AE001020C1 /* DriveSyncTests.swift */,
				47DD3B301F7B69AE001020C1 /* Info.plist */,
			);
			path = DriveSyncTests;
			sourceTree = "<group>";
		};
/* End PBXGroup section */

/* Begin PBXNativeTarget section */
		47DD3B171F7B69AE001020C1 /* DriveSync */ = {
			isa = PBXNativeTarget;
			buildConfigurationList = 47DD3B331F7B69AE001020C1 /* Build configuration list for PBXNativeTarget "DriveSync" */;
			buildPhases = (
				47DD3B141F7B69AE001020C1 /* Sources */,
				47DD3B151F7B69AE001020C1 /* Frameworks */,
				47DD3B161F7B69AE001020C1 /* Resources */,
			);
			buildRules = (
			);
			dependencies = (
			);
			name = DriveSync;
			productName = DriveSync;
			productReference = 47DD3B181F7B69AE001020C1 /* DriveSync.app */;
			productType = "com.apple.product-type.application";
		};
		47DD3B291F7B69AE001020C1 /* DriveSyncTests */ = {
			isa = PBXNativeTarget;
			buildConfigurationList = 47DD3B361F7B69AE001020C1 /* Build configuration list for PBXNativeTarget "DriveSyncTests" */;
			buildPhases = (
				47DD3B261F7B69AE001020C1 /* Sources */,
				47DD3B271F7B69AE001020C1 /* Frameworks */,
				47DD3B281F7B69AE001020C1 /* Resources */,
			);
			buildRules = (
			);
			dependencies = (
				47DD3B2C1F7B69AE001020C1 /* PBXTargetDependency */,
			);
			name = DriveSyncTests;
			productName = DriveSyncTests;
			productReference = 47DD3B2A1F7B69AE001020C1 /* DriveSyncTests.xctest */;
			productType = "com.apple.product-type.bundle.unit-test";
		};
/* End PBXNativeTarget section */

/* Begin PBXProject section */
		47DD3B101F7B69AE001020C1 /* Project object */ = {
			isa = PBXProject;
			attributes = {
				LastSwiftUpdateCheck = 0900;
				LastUpgradeCheck = 0900;
				ORGANIZATIONNAME = "John Peden";
				TargetAttributes = {
					47DD3B171F7B69AE001020C1 = {
						CreatedOnToolsVersion = 9.0;
						ProvisioningStyle = Automatic;
					};
					47DD3B291F7B69AE001020C1 = {
						CreatedOnToolsVersion = 9.0;
						ProvisioningStyle = Automatic;
						TestTargetID = 47DD3B171F7B69AE001020C1;
					};
				};
			};
			buildConfigurationList = 47DD3B131F7B69AE001020C1 /* Build configuration list for PBXProject "DriveSync" */;
			compatibilityVersion = "Xcode 8.0";
			developmentRegion = en;
			hasScannedForEncodings = 0;
			knownRegions = (
				en,
				Base,
			);
			mainGroup = 47DD3B0F1F7B69AE001020C1;
			productRefGroup = 47DD3B191F7B69AE001020C1 /* Products */;
			projectDirPath = "";
			projectRoot = "";
			targets = (
				47DD3B171F7B69AE001020C1 /* DriveSync */,
				47DD3B291F7B69AE001020C1 /* DriveSyncTests */,
			);
		};
/* End PBXProject section */

/* Begin PBXResourcesBuildPhase section */
		47DD3B161F7B69AE001020C1 /* Resources */ = {
			isa = PBXResourcesBuildPhase;
			buildActionMask = 2147483647;
			files = (
				47DD3B201F7B69AE001020C1 /* Assets.xcassets in Resources */,
				47DD3B231F7B69AE001020C1 /* Main.storyboard in Resources */,
			);
			runOnlyForDeploymentPostprocessing = 0;
		};
		47DD3B281F7B69AE001020C1 /* Resources */ = {
			isa = PBXResourcesBuildPhase;
			buildActionMask = 2147483647;
			files = (
			);
			runOnlyForDeploymentPostprocessing = 0;
		};
/* End PBXResourcesBuildPhase section */

/* Begin PBXSourcesBuildPhase section */
		47DD3B141F7B69AE001020C1 /* Sources */ = {
			isa = PBXSourcesBuildPhase;
			buildActionMask = 2147483647;
			files = (
				47DD3B1E1F7B69AE001020C1 /* ViewController.swift in Sources */,
				47DD3B1C1F7B69AE001020C1 /* AppDelegate.swift in Sources */,
			);
			runOnlyForDeploymentPostprocessing = 0;
		};
		47DD3B261F7B69AE001020C1 /* Sources */ = {
			isa = PBXSourcesBuildPhase;
			buildActionMask = 2147483647;
			files = (
				47DD3B2F1F7B69AE001020C1 /* DriveSyncTests.swift in Sources */,
			);
			runOnlyForDeploymentPostprocessing = 0;
		};
/* End PBXSourcesBuildPhase section */

/* Begin PBXTargetDependency section */
		47DD3B2C1F7B69AE001020C1 /* PBXTargetDependency */ = {
			isa = PBXTargetDependency;
			target = 47DD3B171F7B69AE001020C1 /* DriveSync */;
			targetProxy = 47DD3B2B1F7B69AE001020C1 /* PBXContainerItemProxy */;
		};
/* End PBXTargetDependency section */

/* Begin PBXVariantGroup section */
		47DD3B211F7B69AE001020C1 /* Main.storyboard */ = {
			isa = PBXVariantGroup;
			children = (
				47DD3B221F7B69AE001020C1 /* Base */,
			);
			name = Main.storyboard;
			sourceTree = "<group>";
		};
/* End PBXVariantGroup section */

/* Begin XCBuildConfiguration section */
		47DD3B311F7B69AE001020C1 /* Debug */ = {
			isa = XCBuildConfiguration;
			buildSettings = {
				ALWAYS_SEARCH_USER_PATHS = NO;
				CLANG_ANALYZER_NONNULL = YES;
				CLANG_ANALYZER_NUMBER_OBJECT_CONVERSION = YES_AGGRESSIVE;
				CLANG_CXX_LANGUAGE_STANDARD = "gnu++14";
				CLANG_CXX_LIBRARY = "libc++";
				CLANG_ENABLE_MODULES = YES;
				CLANG_ENABLE_OBJC_ARC = YES;
				CLANG_WARN_BLOCK_CAPTURE_AUTORELEASING = YES;
				CLANG_WARN_BOOL_CONVERSION = YES;
				CLANG_WARN_COMMA = YES;
				CLANG_WARN_CONSTANT_CONVERSION = YES;
				CLANG_WARN_DIRECT_OBJC_ISA_USAGE = YES_ERROR;
				CLANG_WARN_DOCUMENTATION_COMMENTS = YES;
				CLANG_WARN_EMPTY_BODY = YES;
				CLANG_WARN_ENUM_CONVERSION = YES;
				CLANG_WARN_INFINITE_RECURSION = YES;
				CLANG_WARN_INT_CONVERSION = YES;
				CLANG_WARN_NON_LITERAL_NULL_CONVERSION = YES;
				CLANG_WARN_OBJC_LITERAL_CONVERSION = YES;
				CLANG_WARN_OBJC_ROOT_CLASS = YES_ERROR;
				CLANG_WARN_RANGE_LOOP_ANALYSIS = YES;
				CLANG_WARN_STRICT_PROTOTYPES = YES;
				CLANG_WARN_SUSPICIOUS_MOVE = YES;
				CLANG_WARN_UNGUARDED_AVAILABILITY = YES_AGGRESSIVE;
				CLANG_WARN_UNREACHABLE_CODE = YES;
				CLANG_WARN__DUPLICATE_METHOD_MATCH = YES;
				CODE_SIGN_IDENTITY = "Mac Developer";
				COPY_PHASE_STRIP = NO;
				DEBUG_INFORMATION_FORMAT = dwarf;
				ENABLE_STRICT_OBJC_MSGSEND = YES;
				ENABLE_TESTABILITY = YES;
				GCC_C_LANGUAGE_STANDARD = gnu11;
				GCC_DYNAMIC_NO_PIC = NO;
				GCC_NO_COMMON_BLOCKS = YES;
				GCC_OPTIMIZATION_LEVEL = 0;
				GCC_PREPROCESSOR_DEFINITIONS = (
					"DEBUG=1",
					"$(inherited)",
				);
				GCC_WARN_64_TO_32_BIT_CONVERSION = YES;
				GCC_WARN_ABOUT_RETURN_TYPE = YES_ERROR;
				GCC_WARN_UNDECLARED_SELECTOR = YES;
				GCC_WARN_UNINITIALIZED_AUTOS = YES_AGGRESSIVE;
				GCC_WARN_UNUSED_FUNCTION = YES;
				GCC_WARN_UNUSED_VARIABLE = YES;
				MACOSX_DEPLOYMENT_TARGET = 10.13;
				MTL_ENABLE_DEBUG_INFO = YES;
				ONLY_ACTIVE_ARCH = YES;
				SDKROOT = macosx;
				SWIFT_ACTIVE_COMPILATION_CONDITIONS = DEBUG;
				SWIFT_OPTIMIZATION_LEVEL = "-Onone";
			};
			name = Debug;
		};
		47DD3B321F7B69AE001020C1 /* Release */ = {
			isa = XCBuildConfiguration;
			buildSettings = {
				ALWAYS_SEARCH_USER_PATHS = NO;
				CLANG_ANALYZER_NONNULL = YES;
				CLANG_ANALYZER_NUMBER_OBJECT_CONVERSION = YES_AGGRESSIVE;
				CLANG_CXX_LANGUAGE_STANDARD = "gnu++14";
				CLANG_CXX_LIBRARY = "libc++";
				CLANG_ENABLE_MODULES = YES;
				CLANG_ENABLE_OBJC_ARC = YES;
				CLANG_WARN_BLOCK_CAPTURE_AUTORELEASING = YES;
				CLANG_WARN_BOOL_CONVERSION = YES;
				CLANG_WARN_COMMA = YES;
				CLANG_WARN_CONSTANT_CONVERSION = YES;
				CLANG_WARN_DIRECT_OBJC_ISA_USAGE = YES_ERROR;
				CLANG_WARN_DOCUMENTATION_COMMENTS = YES;
				CLANG_WARN_EMPTY_BODY = YES;
				CLANG_WARN_ENUM_CONVERSION = YES;
				CLANG_WARN_INFINITE_RECURSION = YES;
				CLANG_WARN_INT_CONVERSION = YES;
				CLANG_WARN_NON_LITERAL_NULL_CONVERSION = YES;
				CLANG_WARN_OBJC_LITERAL_CONVERSION = YES;
				CLANG_WARN_OBJC_ROOT_CLASS = YES_ERROR;
				CLANG_WARN_RANGE_LOOP_ANALYSIS = YES;
				CLANG_WARN_STRICT_PROTOTYPES = YES;
				CLANG_WARN_SUSPICIOUS_MOVE = YES;
				CLANG_WARN_UNGUARDED_AVAILABILITY = YES_AGGRESSIVE;
				CLANG_WARN_UNREACHABLE_CODE = YES;
				CLANG_WARN__DUPLICATE_METHOD_MATCH = YES;
				CODE_SIGN_IDENTITY = "Mac Developer";
				COPY_PHASE_STRIP = NO;
				DEBUG_INFORMATION_FORMAT = "dwarf-with-dsym";
				ENABLE_NS_ASSERTIONS = NO;
				ENABLE_STRICT_OBJC_MSGSEND = YES;
				GCC_C_LANGUAGE_STANDARD = gnu11;
				GCC_NO_COMMON_BLOCKS = YES;
				GCC_WARN_64_TO_32_BIT_CONVERSION = YES;
				GCC_WARN_ABOUT_RETURN_TYPE = YES_ERROR;
				GCC_WARN_UNDECLARED_SELECTOR = YES;
				GCC_WARN_UNINITIALIZED_AUTOS = YES_AGGRESSIVE;
				GCC_WARN_UNUSED_FUNCTION = YES;
				GCC_WARN_UNUSED_VARIABLE = YES;
				MACOSX_DEPLOYMENT_TARGET = 10.13;
				MTL_ENABLE_DEBUG_INFO = NO;
				SDKROOT = macosx;
				SWIFT_OPTIMIZATION_LEVEL = "-Owholemodule";
			};
			name = Release;
		};
		47DD3B341F7B69AE001020C1 /* Debug */ = {
			isa = XCBuildConfiguration;
			buildSettings = {
				ASSETCATALOG_COMPILER_APPICON_NAME = AppIcon;
				CODE_SIGN_ENTITLEMENTS = DriveSync/DriveSync.entitlements;
				CODE_SIGN_STYLE = Automatic;
				COMBINE_HIDPI_IMAGES = YES;
				DEVELOPMENT_TEAM = 26V332SYBX;
				INFOPLIST_FILE = DriveSync/Info.plist;
				LD_RUNPATH_SEARCH_PATHS = "$(inherited) @executable_path/../Frameworks";
				PRODUCT_BUNDLE_IDENTIFIER = com.johnmahlonpeden.DriveSync;
				PRODUCT_NAME = "$(TARGET_NAME)";
				SWIFT_VERSION = 4.0;
			};
			name = Debug;
		};
		47DD3B351F7B69AE001020C1 /* Release */ = {
			isa = XCBuildConfiguration;
			buildSettings = {
				ASSETCATALOG_COMPILER_APPICON_NAME = AppIcon;
				CODE_SIGN_ENTITLEMENTS = DriveSync/DriveSync.entitlements;
				CODE_SIGN_STYLE = Automatic;
				COMBINE_HIDPI_IMAGES = YES;
				DEVELOPMENT_TEAM = 26V332SYBX;
				INFOPLIST_FILE = DriveSync/Info.plist;
				LD_RUNPATH_SEARCH_PATHS = "$(inherited) @executable_path/../Frameworks";
				PRODUCT_BUNDLE_IDENTIFIER = com.johnmahlonpeden.DriveSync;
				PRODUCT_NAME = "$(TARGET_NAME)";
				SWIFT_VERSION = 4.0;
			};
			name = Release;
		};
		47DD3B371F7B69AE001020C1 /* Debug */ = {
			isa = XCBuildConfiguration;
			buildSettings = {
				ALWAYS_EMBED_SWIFT_STANDARD_LIBRARIES = YES;
				BUNDLE_LOADER = "$(TEST_HOST)";
				CODE_SIGN_STYLE = Automatic;
				COMBINE_HIDPI_IMAGES = YES;
				DEVELOPMENT_TEAM = 26V332SYBX;
				INFOPLIST_FILE = DriveSyncTests/Info.plist;
				LD_RUNPATH_SEARCH_PATHS = "$(inherited) @executable_path/../Frameworks @loader_path/../Frameworks";
				PRODUCT_BUNDLE_IDENTIFIER = com.johnmahlonpeden.DriveSyncTests;
				PRODUCT_NAME = "$(TARGET_NAME)";
				SWIFT_VERSION = 4.0;
				TEST_HOST = "$(BUILT_PRODUCTS_DIR)/DriveSync.app/Contents/MacOS/DriveSync";
			};
			name = Debug;
		};
		47DD3B381F7B69AE001020C1 /* Release */ = {
			isa = XCBuildConfiguration;
			buildSettings = {
				ALWAYS_EMBED_SWIFT_STANDARD_LIBRARIES = YES;
				BUNDLE_LOADER = "$(TEST_HOST)";
				CODE_SIGN_STYLE = Automatic;
				COMBINE_HIDPI_IMAGES = YES;
				DEVELOPMENT_TEAM = 26V332SYBX;
				INFOPLIST_FILE = DriveSyncTests/Info.plist;
				LD_RUNPATH_SEARCH_PATHS = "$(inherited) @executable_path/../Frameworks @loader_path/../Frameworks";
				PRODUCT_BUNDLE_IDENTIFIER = com.johnmahlonpeden.DriveSyncTests;
				PRODUCT_NAME = "$(TARGET_NAME)";
				SWIFT_VERSION = 4.0;
				TEST_HOST = "$(BUILT_PRODUCTS_DIR)/DriveSync.app/Contents/MacOS/DriveSync";
			};
			name = Release;
		};
/* End XCBuildConfiguration section */

/* Begin XCConfigurationList section */
		47DD3B131F7B69AE001020C1 /* Build configuration list for PBXProject "DriveSync" */ = {
			isa = XCConfigurationList;
			buildConfigurations = (
				47DD3B311F7B69AE001020C1 /* Debug */,
				47DD3B321F7B69AE001020C1 /* Release */,
			);
			defaultConfigurationIsVisible = 0;
			defaultConfigurationName = Release;
		};
		47DD3B331F7B69AE001020C1 /* Build configuration list for PBXNativeTarget "DriveSync" */ = {
			isa = XCConfigurationList;
			buildConfigurations = (
				47DD3B341F7B69AE001020C1 /* Debug */,
				47DD3B351F7B69AE001020C1 /* Release */,
			);
			defaultConfigurationIsVisible = 0;
			defaultConfigurationName = Release;
		};
		47DD3B361F7B69AE001020C1 /* Build configuration list for PBXNativeTarget "DriveSyncTests" */ = {
			isa = XCConfigurationList;
			buildConfigurations = (
				47DD3B371F7B69AE001020C1 /* Debug */,
				47DD3B381F7B69AE001020C1 /* Release */,
			);
			defaultConfigurationIsVisible = 0;
			defaultConfigurationName = Release;
		};
/* End XCConfigurationList section */
	};
	rootObject = 47DD3B101F7B69AE001020C1 /* Project object */;
}
